// !$*UTF8*$!
{
	archiveVersion = 1;
	classes = {
	};
	objectVersion = 56;
	objects = {

/* Begin PBXBuildFile section */
		78681DB92D37E349006ACC2E /* DubDubGrubApp.swift in Sources */ = {isa = PBXBuildFile; fileRef = 78681DB82D37E349006ACC2E /* DubDubGrubApp.swift */; };
		78681DBD2D37E34C006ACC2E /* Assets.xcassets in Resources */ = {isa = PBXBuildFile; fileRef = 78681DBC2D37E34C006ACC2E /* Assets.xcassets */; };
		78681DC02D37E34C006ACC2E /* Preview Assets.xcassets in Resources */ = {isa = PBXBuildFile; fileRef = 78681DBF2D37E34C006ACC2E /* Preview Assets.xcassets */; };
		78681DC82D37E792006ACC2E /* AppTabView.swift in Sources */ = {isa = PBXBuildFile; fileRef = 78681DC72D37E792006ACC2E /* AppTabView.swift */; };
		78681DCA2D37E7EF006ACC2E /* LocationMapView.swift in Sources */ = {isa = PBXBuildFile; fileRef = 78681DC92D37E7EF006ACC2E /* LocationMapView.swift */; };
		78681DCC2D37E81E006ACC2E /* LocationListView.swift in Sources */ = {isa = PBXBuildFile; fileRef = 78681DCB2D37E81E006ACC2E /* LocationListView.swift */; };
		78681DCE2D37E842006ACC2E /* ProfileView.swift in Sources */ = {isa = PBXBuildFile; fileRef = 78681DCD2D37E842006ACC2E /* ProfileView.swift */; };
		78BED1362D394C1C005F7676 /* LocationDetailView.swift in Sources */ = {isa = PBXBuildFile; fileRef = 78BED1352D394C1C005F7676 /* LocationDetailView.swift */; };
		78BED1382D40DA52005F7676 /* Color+Ext.swift in Sources */ = {isa = PBXBuildFile; fileRef = 78BED1372D40DA52005F7676 /* Color+Ext.swift */; };
		78BED13A2D40DC87005F7676 /* LocationCell.swift in Sources */ = {isa = PBXBuildFile; fileRef = 78BED1392D40DC87005F7676 /* LocationCell.swift */; };
		78BED13C2D40DCDD005F7676 /* AvatarView.swift in Sources */ = {isa = PBXBuildFile; fileRef = 78BED13B2D40DCDD005F7676 /* AvatarView.swift */; };
		78BED13E2D40DF7A005F7676 /* CustomModifiers.swift in Sources */ = {isa = PBXBuildFile; fileRef = 78BED13D2D40DF7A005F7676 /* CustomModifiers.swift */; };
		78BED1402D40DFC1005F7676 /* View+Ext.swift in Sources */ = {isa = PBXBuildFile; fileRef = 78BED13F2D40DFC1005F7676 /* View+Ext.swift */; };
		78BED1422D40E0FA005F7676 /* DDGButton.swift in Sources */ = {isa = PBXBuildFile; fileRef = 78BED1412D40E0FA005F7676 /* DDGButton.swift */; };
		78BED14A2D43DB14005F7676 /* DDGLocation.swift in Sources */ = {isa = PBXBuildFile; fileRef = 78BED1492D43DB14005F7676 /* DDGLocation.swift */; };
		78BED14C2D45154B005F7676 /* DDGProfile.swift in Sources */ = {isa = PBXBuildFile; fileRef = 78BED14B2D45154B005F7676 /* DDGProfile.swift */; };
		78BED14E2D451785005F7676 /* MockData.swift in Sources */ = {isa = PBXBuildFile; fileRef = 78BED14D2D451785005F7676 /* MockData.swift */; };
		78BED1522D463162005F7676 /* CloudKitManager.swift in Sources */ = {isa = PBXBuildFile; fileRef = 78BED1512D463162005F7676 /* CloudKitManager.swift */; };
		78BED1542D463340005F7676 /* Constants.swift in Sources */ = {isa = PBXBuildFile; fileRef = 78BED1532D463340005F7676 /* Constants.swift */; };
		78BED1562D463872005F7676 /* CKRecord+Ext.swift in Sources */ = {isa = PBXBuildFile; fileRef = 78BED1552D463872005F7676 /* CKRecord+Ext.swift */; };
		78BED1582D46574B005F7676 /* AlertItem.swift in Sources */ = {isa = PBXBuildFile; fileRef = 78BED1572D46574B005F7676 /* AlertItem.swift */; };
		78BED15B2D4671F3005F7676 /* LocationMapViewModel.swift in Sources */ = {isa = PBXBuildFile; fileRef = 78BED15A2D4671F3005F7676 /* LocationMapViewModel.swift */; };
		78BED15E2D468D19005F7676 /* LocationManager.swift in Sources */ = {isa = PBXBuildFile; fileRef = 78BED15D2D468D19005F7676 /* LocationManager.swift */; };
/* End PBXBuildFile section */

/* Begin PBXFileReference section */
		78681DB52D37E349006ACC2E /* DubDubGrub.app */ = {isa = PBXFileReference; explicitFileType = wrapper.application; includeInIndex = 0; path = DubDubGrub.app; sourceTree = BUILT_PRODUCTS_DIR; };
		78681DB82D37E349006ACC2E /* DubDubGrubApp.swift */ = {isa = PBXFileReference; lastKnownFileType = sourcecode.swift; path = DubDubGrubApp.swift; sourceTree = "<group>"; };
		78681DBC2D37E34C006ACC2E /* Assets.xcassets */ = {isa = PBXFileReference; lastKnownFileType = folder.assetcatalog; path = Assets.xcassets; sourceTree = "<group>"; };
		78681DBF2D37E34C006ACC2E /* Preview Assets.xcassets */ = {isa = PBXFileReference; lastKnownFileType = folder.assetcatalog; path = "Preview Assets.xcassets"; sourceTree = "<group>"; };
		78681DC62D37E420006ACC2E /* DubDubGrub.entitlements */ = {isa = PBXFileReference; lastKnownFileType = text.plist.entitlements; path = DubDubGrub.entitlements; sourceTree = "<group>"; };
		78681DC72D37E792006ACC2E /* AppTabView.swift */ = {isa = PBXFileReference; lastKnownFileType = sourcecode.swift; path = AppTabView.swift; sourceTree = "<group>"; };
		78681DC92D37E7EF006ACC2E /* LocationMapView.swift */ = {isa = PBXFileReference; lastKnownFileType = sourcecode.swift; path = LocationMapView.swift; sourceTree = "<group>"; };
		78681DCB2D37E81E006ACC2E /* LocationListView.swift */ = {isa = PBXFileReference; lastKnownFileType = sourcecode.swift; path = LocationListView.swift; sourceTree = "<group>"; };
		78681DCD2D37E842006ACC2E /* ProfileView.swift */ = {isa = PBXFileReference; lastKnownFileType = sourcecode.swift; path = ProfileView.swift; sourceTree = "<group>"; };
		78BED1352D394C1C005F7676 /* LocationDetailView.swift */ = {isa = PBXFileReference; lastKnownFileType = sourcecode.swift; path = LocationDetailView.swift; sourceTree = "<group>"; };
		78BED1372D40DA52005F7676 /* Color+Ext.swift */ = {isa = PBXFileReference; lastKnownFileType = sourcecode.swift; path = "Color+Ext.swift"; sourceTree = "<group>"; };
		78BED1392D40DC87005F7676 /* LocationCell.swift */ = {isa = PBXFileReference; lastKnownFileType = sourcecode.swift; path = LocationCell.swift; sourceTree = "<group>"; };
		78BED13B2D40DCDD005F7676 /* AvatarView.swift */ = {isa = PBXFileReference; lastKnownFileType = sourcecode.swift; path = AvatarView.swift; sourceTree = "<group>"; };
		78BED13D2D40DF7A005F7676 /* CustomModifiers.swift */ = {isa = PBXFileReference; lastKnownFileType = sourcecode.swift; path = CustomModifiers.swift; sourceTree = "<group>"; };
		78BED13F2D40DFC1005F7676 /* View+Ext.swift */ = {isa = PBXFileReference; lastKnownFileType = sourcecode.swift; path = "View+Ext.swift"; sourceTree = "<group>"; };
		78BED1412D40E0FA005F7676 /* DDGButton.swift */ = {isa = PBXFileReference; lastKnownFileType = sourcecode.swift; path = DDGButton.swift; sourceTree = "<group>"; };
		78BED1492D43DB14005F7676 /* DDGLocation.swift */ = {isa = PBXFileReference; lastKnownFileType = sourcecode.swift; path = DDGLocation.swift; sourceTree = "<group>"; };
		78BED14B2D45154B005F7676 /* DDGProfile.swift */ = {isa = PBXFileReference; lastKnownFileType = sourcecode.swift; path = DDGProfile.swift; sourceTree = "<group>"; };
		78BED14D2D451785005F7676 /* MockData.swift */ = {isa = PBXFileReference; lastKnownFileType = sourcecode.swift; path = MockData.swift; sourceTree = "<group>"; };
		78BED1512D463162005F7676 /* CloudKitManager.swift */ = {isa = PBXFileReference; lastKnownFileType = sourcecode.swift; path = CloudKitManager.swift; sourceTree = "<group>"; };
		78BED1532D463340005F7676 /* Constants.swift */ = {isa = PBXFileReference; lastKnownFileType = sourcecode.swift; path = Constants.swift; sourceTree = "<group>"; };
		78BED1552D463872005F7676 /* CKRecord+Ext.swift */ = {isa = PBXFileReference; lastKnownFileType = sourcecode.swift; path = "CKRecord+Ext.swift"; sourceTree = "<group>"; };
		78BED1572D46574B005F7676 /* AlertItem.swift */ = {isa = PBXFileReference; lastKnownFileType = sourcecode.swift; path = AlertItem.swift; sourceTree = "<group>"; };
		78BED15A2D4671F3005F7676 /* LocationMapViewModel.swift */ = {isa = PBXFileReference; lastKnownFileType = sourcecode.swift; path = LocationMapViewModel.swift; sourceTree = "<group>"; };
		78BED15D2D468D19005F7676 /* LocationManager.swift */ = {isa = PBXFileReference; lastKnownFileType = sourcecode.swift; path = LocationManager.swift; sourceTree = "<group>"; };
/* End PBXFileReference section */

/* Begin PBXFrameworksBuildPhase section */
		78681DB22D37E349006ACC2E /* Frameworks */ = {
			isa = PBXFrameworksBuildPhase;
			buildActionMask = 2147483647;
			files = (
			);
			runOnlyForDeploymentPostprocessing = 0;
		};
/* End PBXFrameworksBuildPhase section */

/* Begin PBXGroup section */
		78681DAC2D37E349006ACC2E = {
			isa = PBXGroup;
			children = (
				78681DB72D37E349006ACC2E /* DubDubGrub */,
				78681DB62D37E349006ACC2E /* Products */,
			);
			sourceTree = "<group>";
		};
		78681DB62D37E349006ACC2E /* Products */ = {
			isa = PBXGroup;
			children = (
				78681DB52D37E349006ACC2E /* DubDubGrub.app */,
			);
			name = Products;
			sourceTree = "<group>";
		};
		78681DB72D37E349006ACC2E /* DubDubGrub */ = {
			isa = PBXGroup;
			children = (
				78BED14F2D4630D8005F7676 /* Utilities */,
				78BED1482D43DAFE005F7676 /* Model */,
				78BED1442D40E398005F7676 /* Views */,
				78681DC62D37E420006ACC2E /* DubDubGrub.entitlements */,
				78681DB82D37E349006ACC2E /* DubDubGrubApp.swift */,
				78681DBC2D37E34C006ACC2E /* Assets.xcassets */,
				78681DBE2D37E34C006ACC2E /* Preview Content */,
			);
			path = DubDubGrub;
			sourceTree = "<group>";
		};
		78681DBE2D37E34C006ACC2E /* Preview Content */ = {
			isa = PBXGroup;
			children = (
				78681DBF2D37E34C006ACC2E /* Preview Assets.xcassets */,
			);
			path = "Preview Content";
			sourceTree = "<group>";
		};
		78BED1432D40E367005F7676 /* Extensions */ = {
			isa = PBXGroup;
			children = (
				78BED1372D40DA52005F7676 /* Color+Ext.swift */,
				78BED13F2D40DFC1005F7676 /* View+Ext.swift */,
				78BED1552D463872005F7676 /* CKRecord+Ext.swift */,
			);
			path = Extensions;
			sourceTree = "<group>";
		};
		78BED1442D40E398005F7676 /* Views */ = {
			isa = PBXGroup;
			children = (
				78BED13D2D40DF7A005F7676 /* CustomModifiers.swift */,
				78BED1472D40E403005F7676 /* CustomViews */,
				78BED1462D40E3F7005F7676 /* Cells */,
				78BED1452D40E3A2005F7676 /* Screens */,
			);
			path = Views;
			sourceTree = "<group>";
		};
		78BED1452D40E3A2005F7676 /* Screens */ = {
			isa = PBXGroup;
			children = (
				78BED1592D4671C8005F7676 /* LocationMapView */,
				78681DC72D37E792006ACC2E /* AppTabView.swift */,
				78681DCB2D37E81E006ACC2E /* LocationListView.swift */,
				78BED1352D394C1C005F7676 /* LocationDetailView.swift */,
				78681DCD2D37E842006ACC2E /* ProfileView.swift */,
			);
			path = Screens;
			sourceTree = "<group>";
		};
		78BED1462D40E3F7005F7676 /* Cells */ = {
			isa = PBXGroup;
			children = (
				78BED1392D40DC87005F7676 /* LocationCell.swift */,
			);
			path = Cells;
			sourceTree = "<group>";
		};
		78BED1472D40E403005F7676 /* CustomViews */ = {
			isa = PBXGroup;
			children = (
				78BED13B2D40DCDD005F7676 /* AvatarView.swift */,
				78BED1412D40E0FA005F7676 /* DDGButton.swift */,
			);
			path = CustomViews;
			sourceTree = "<group>";
		};
		78BED1482D43DAFE005F7676 /* Model */ = {
			isa = PBXGroup;
			children = (
				78BED1492D43DB14005F7676 /* DDGLocation.swift */,
				78BED14B2D45154B005F7676 /* DDGProfile.swift */,
				78BED14D2D451785005F7676 /* MockData.swift */,
			);
			path = Model;
			sourceTree = "<group>";
		};
		78BED14F2D4630D8005F7676 /* Utilities */ = {
			isa = PBXGroup;
			children = (
				78BED15C2D468CF6005F7676 /* Managers */,
				78BED1432D40E367005F7676 /* Extensions */,
				78BED1532D463340005F7676 /* Constants.swift */,
				78BED1572D46574B005F7676 /* AlertItem.swift */,
			);
			path = Utilities;
			sourceTree = "<group>";
		};
		78BED1592D4671C8005F7676 /* LocationMapView */ = {
			isa = PBXGroup;
			children = (
				78BED15A2D4671F3005F7676 /* LocationMapViewModel.swift */,
				78681DC92D37E7EF006ACC2E /* LocationMapView.swift */,
			);
			path = LocationMapView;
			sourceTree = "<group>";
		};
		78BED15C2D468CF6005F7676 /* Managers */ = {
			isa = PBXGroup;
			children = (
				78BED1512D463162005F7676 /* CloudKitManager.swift */,
				78BED15D2D468D19005F7676 /* LocationManager.swift */,
			);
			path = Managers;
			sourceTree = "<group>";
		};
/* End PBXGroup section */

/* Begin PBXNativeTarget section */
		78681DB42D37E349006ACC2E /* DubDubGrub */ = {
			isa = PBXNativeTarget;
			buildConfigurationList = 78681DC32D37E34C006ACC2E /* Build configuration list for PBXNativeTarget "DubDubGrub" */;
			buildPhases = (
				78681DB12D37E349006ACC2E /* Sources */,
				78681DB22D37E349006ACC2E /* Frameworks */,
				78681DB32D37E349006ACC2E /* Resources */,
			);
			buildRules = (
			);
			dependencies = (
			);
			name = DubDubGrub;
			productName = DubDubGrub;
			productReference = 78681DB52D37E349006ACC2E /* DubDubGrub.app */;
			productType = "com.apple.product-type.application";
		};
/* End PBXNativeTarget section */

/* Begin PBXProject section */
		78681DAD2D37E349006ACC2E /* Project object */ = {
			isa = PBXProject;
			attributes = {
				BuildIndependentTargetsInParallel = 1;
				LastSwiftUpdateCheck = 1530;
				LastUpgradeCheck = 1530;
				TargetAttributes = {
					78681DB42D37E349006ACC2E = {
						CreatedOnToolsVersion = 15.3;
					};
				};
			};
			buildConfigurationList = 78681DB02D37E349006ACC2E /* Build configuration list for PBXProject "DubDubGrub" */;
			compatibilityVersion = "Xcode 14.0";
			developmentRegion = en;
			hasScannedForEncodings = 0;
			knownRegions = (
				en,
				Base,
			);
			mainGroup = 78681DAC2D37E349006ACC2E;
			productRefGroup = 78681DB62D37E349006ACC2E /* Products */;
			projectDirPath = "";
			projectRoot = "";
			targets = (
				78681DB42D37E349006ACC2E /* DubDubGrub */,
			);
		};
/* End PBXProject section */

/* Begin PBXResourcesBuildPhase section */
		78681DB32D37E349006ACC2E /* Resources */ = {
			isa = PBXResourcesBuildPhase;
			buildActionMask = 2147483647;
			files = (
				78681DC02D37E34C006ACC2E /* Preview Assets.xcassets in Resources */,
				78681DBD2D37E34C006ACC2E /* Assets.xcassets in Resources */,
			);
			runOnlyForDeploymentPostprocessing = 0;
		};
/* End PBXResourcesBuildPhase section */

/* Begin PBXSourcesBuildPhase section */
		78681DB12D37E349006ACC2E /* Sources */ = {
			isa = PBXSourcesBuildPhase;
			buildActionMask = 2147483647;
			files = (
				78681DC82D37E792006ACC2E /* AppTabView.swift in Sources */,
				78BED1542D463340005F7676 /* Constants.swift in Sources */,
				78BED13E2D40DF7A005F7676 /* CustomModifiers.swift in Sources */,
				78BED1382D40DA52005F7676 /* Color+Ext.swift in Sources */,
				78BED15B2D4671F3005F7676 /* LocationMapViewModel.swift in Sources */,
				78681DCC2D37E81E006ACC2E /* LocationListView.swift in Sources */,
				78BED14E2D451785005F7676 /* MockData.swift in Sources */,
				78BED1362D394C1C005F7676 /* LocationDetailView.swift in Sources */,
				78BED14C2D45154B005F7676 /* DDGProfile.swift in Sources */,
				78BED14A2D43DB14005F7676 /* DDGLocation.swift in Sources */,
				78681DCA2D37E7EF006ACC2E /* LocationMapView.swift in Sources */,
				78681DCE2D37E842006ACC2E /* ProfileView.swift in Sources */,
				78BED1522D463162005F7676 /* CloudKitManager.swift in Sources */,
				78BED1582D46574B005F7676 /* AlertItem.swift in Sources */,
				78BED1402D40DFC1005F7676 /* View+Ext.swift in Sources */,
				78BED13A2D40DC87005F7676 /* LocationCell.swift in Sources */,
				78BED1562D463872005F7676 /* CKRecord+Ext.swift in Sources */,
				78BED15E2D468D19005F7676 /* LocationManager.swift in Sources */,
				78BED1422D40E0FA005F7676 /* DDGButton.swift in Sources */,
				78BED13C2D40DCDD005F7676 /* AvatarView.swift in Sources */,
				78681DB92D37E349006ACC2E /* DubDubGrubApp.swift in Sources */,
			);
			runOnlyForDeploymentPostprocessing = 0;
		};
/* End PBXSourcesBuildPhase section */

/* Begin XCBuildConfiguration section */
		78681DC12D37E34C006ACC2E /* Debug */ = {
			isa = XCBuildConfiguration;
			buildSettings = {
				ALWAYS_SEARCH_USER_PATHS = NO;
				ASSETCATALOG_COMPILER_GENERATE_SWIFT_ASSET_SYMBOL_EXTENSIONS = YES;
				CLANG_ANALYZER_NONNULL = YES;
				CLANG_ANALYZER_NUMBER_OBJECT_CONVERSION = YES_AGGRESSIVE;
				CLANG_CXX_LANGUAGE_STANDARD = "gnu++20";
				CLANG_ENABLE_MODULES = YES;
				CLANG_ENABLE_OBJC_ARC = YES;
				CLANG_ENABLE_OBJC_WEAK = YES;
				CLANG_WARN_BLOCK_CAPTURE_AUTORELEASING = YES;
				CLANG_WARN_BOOL_CONVERSION = YES;
				CLANG_WARN_COMMA = YES;
				CLANG_WARN_CONSTANT_CONVERSION = YES;
				CLANG_WARN_DEPRECATED_OBJC_IMPLEMENTATIONS = YES;
				CLANG_WARN_DIRECT_OBJC_ISA_USAGE = YES_ERROR;
				CLANG_WARN_DOCUMENTATION_COMMENTS = YES;
				CLANG_WARN_EMPTY_BODY = YES;
				CLANG_WARN_ENUM_CONVERSION = YES;
				CLANG_WARN_INFINITE_RECURSION = YES;
				CLANG_WARN_INT_CONVERSION = YES;
				CLANG_WARN_NON_LITERAL_NULL_CONVERSION = YES;
				CLANG_WARN_OBJC_IMPLICIT_RETAIN_SELF = YES;
				CLANG_WARN_OBJC_LITERAL_CONVERSION = YES;
				CLANG_WARN_OBJC_ROOT_CLASS = YES_ERROR;
				CLANG_WARN_QUOTED_INCLUDE_IN_FRAMEWORK_HEADER = YES;
				CLANG_WARN_RANGE_LOOP_ANALYSIS = YES;
				CLANG_WARN_STRICT_PROTOTYPES = YES;
				CLANG_WARN_SUSPICIOUS_MOVE = YES;
				CLANG_WARN_UNGUARDED_AVAILABILITY = YES_AGGRESSIVE;
				CLANG_WARN_UNREACHABLE_CODE = YES;
				CLANG_WARN__DUPLICATE_METHOD_MATCH = YES;
				COPY_PHASE_STRIP = NO;
				DEBUG_INFORMATION_FORMAT = dwarf;
				ENABLE_STRICT_OBJC_MSGSEND = YES;
				ENABLE_TESTABILITY = YES;
				ENABLE_USER_SCRIPT_SANDBOXING = YES;
				GCC_C_LANGUAGE_STANDARD = gnu17;
				GCC_DYNAMIC_NO_PIC = NO;
				GCC_NO_COMMON_BLOCKS = YES;
				GCC_OPTIMIZATION_LEVEL = 0;
				GCC_PREPROCESSOR_DEFINITIONS = (
					"DEBUG=1",
					"$(inherited)",
				);
				GCC_WARN_64_TO_32_BIT_CONVERSION = YES;
				GCC_WARN_ABOUT_RETURN_TYPE = YES_ERROR;
				GCC_WARN_UNDECLARED_SELECTOR = YES;
				GCC_WARN_UNINITIALIZED_AUTOS = YES_AGGRESSIVE;
				GCC_WARN_UNUSED_FUNCTION = YES;
				GCC_WARN_UNUSED_VARIABLE = YES;
				IPHONEOS_DEPLOYMENT_TARGET = 17.4;
				LOCALIZATION_PREFERS_STRING_CATALOGS = YES;
				MTL_ENABLE_DEBUG_INFO = INCLUDE_SOURCE;
				MTL_FAST_MATH = YES;
				ONLY_ACTIVE_ARCH = YES;
				SDKROOT = iphoneos;
				SWIFT_ACTIVE_COMPILATION_CONDITIONS = "DEBUG $(inherited)";
				SWIFT_OPTIMIZATION_LEVEL = "-Onone";
			};
			name = Debug;
		};
		78681DC22D37E34C006ACC2E /* Release */ = {
			isa = XCBuildConfiguration;
			buildSettings = {
				ALWAYS_SEARCH_USER_PATHS = NO;
				ASSETCATALOG_COMPILER_GENERATE_SWIFT_ASSET_SYMBOL_EXTENSIONS = YES;
				CLANG_ANALYZER_NONNULL = YES;
				CLANG_ANALYZER_NUMBER_OBJECT_CONVERSION = YES_AGGRESSIVE;
				CLANG_CXX_LANGUAGE_STANDARD = "gnu++20";
				CLANG_ENABLE_MODULES = YES;
				CLANG_ENABLE_OBJC_ARC = YES;
				CLANG_ENABLE_OBJC_WEAK = YES;
				CLANG_WARN_BLOCK_CAPTURE_AUTORELEASING = YES;
				CLANG_WARN_BOOL_CONVERSION = YES;
				CLANG_WARN_COMMA = YES;
				CLANG_WARN_CONSTANT_CONVERSION = YES;
				CLANG_WARN_DEPRECATED_OBJC_IMPLEMENTATIONS = YES;
				CLANG_WARN_DIRECT_OBJC_ISA_USAGE = YES_ERROR;
				CLANG_WARN_DOCUMENTATION_COMMENTS = YES;
				CLANG_WARN_EMPTY_BODY = YES;
				CLANG_WARN_ENUM_CONVERSION = YES;
				CLANG_WARN_INFINITE_RECURSION = YES;
				CLANG_WARN_INT_CONVERSION = YES;
				CLANG_WARN_NON_LITERAL_NULL_CONVERSION = YES;
				CLANG_WARN_OBJC_IMPLICIT_RETAIN_SELF = YES;
				CLANG_WARN_OBJC_LITERAL_CONVERSION = YES;
				CLANG_WARN_OBJC_ROOT_CLASS = YES_ERROR;
				CLANG_WARN_QUOTED_INCLUDE_IN_FRAMEWORK_HEADER = YES;
				CLANG_WARN_RANGE_LOOP_ANALYSIS = YES;
				CLANG_WARN_STRICT_PROTOTYPES = YES;
				CLANG_WARN_SUSPICIOUS_MOVE = YES;
				CLANG_WARN_UNGUARDED_AVAILABILITY = YES_AGGRESSIVE;
				CLANG_WARN_UNREACHABLE_CODE = YES;
				CLANG_WARN__DUPLICATE_METHOD_MATCH = YES;
				COPY_PHASE_STRIP = NO;
				DEBUG_INFORMATION_FORMAT = "dwarf-with-dsym";
				ENABLE_NS_ASSERTIONS = NO;
				ENABLE_STRICT_OBJC_MSGSEND = YES;
				ENABLE_USER_SCRIPT_SANDBOXING = YES;
				GCC_C_LANGUAGE_STANDARD = gnu17;
				GCC_NO_COMMON_BLOCKS = YES;
				GCC_WARN_64_TO_32_BIT_CONVERSION = YES;
				GCC_WARN_ABOUT_RETURN_TYPE = YES_ERROR;
				GCC_WARN_UNDECLARED_SELECTOR = YES;
				GCC_WARN_UNINITIALIZED_AUTOS = YES_AGGRESSIVE;
				GCC_WARN_UNUSED_FUNCTION = YES;
				GCC_WARN_UNUSED_VARIABLE = YES;
				IPHONEOS_DEPLOYMENT_TARGET = 17.4;
				LOCALIZATION_PREFERS_STRING_CATALOGS = YES;
				MTL_ENABLE_DEBUG_INFO = NO;
				MTL_FAST_MATH = YES;
				SDKROOT = iphoneos;
				SWIFT_COMPILATION_MODE = wholemodule;
				VALIDATE_PRODUCT = YES;
			};
			name = Release;
		};
		78681DC42D37E34C006ACC2E /* Debug */ = {
			isa = XCBuildConfiguration;
			buildSettings = {
				ASSETCATALOG_COMPILER_APPICON_NAME = AppIcon;
				ASSETCATALOG_COMPILER_GLOBAL_ACCENT_COLOR_NAME = AccentColor;
				CODE_SIGN_ENTITLEMENTS = DubDubGrub/DubDubGrub.entitlements;
				CODE_SIGN_STYLE = Automatic;
				CURRENT_PROJECT_VERSION = 1;
				DEVELOPMENT_ASSET_PATHS = "\"DubDubGrub/Preview Content\"";
				DEVELOPMENT_TEAM = NY2YF9QVXX;
				ENABLE_PREVIEWS = YES;
				GENERATE_INFOPLIST_FILE = YES;
				INFOPLIST_KEY_UIApplicationSceneManifest_Generation = YES;
				INFOPLIST_KEY_UIApplicationSupportsIndirectInputEvents = YES;
				INFOPLIST_KEY_UILaunchScreen_Generation = YES;
				INFOPLIST_KEY_UISupportedInterfaceOrientations_iPad = "UIInterfaceOrientationPortrait UIInterfaceOrientationPortraitUpsideDown UIInterfaceOrientationLandscapeLeft UIInterfaceOrientationLandscapeRight";
				INFOPLIST_KEY_UISupportedInterfaceOrientations_iPhone = "UIInterfaceOrientationPortrait UIInterfaceOrientationLandscapeLeft UIInterfaceOrientationLandscapeRight";
				LD_RUNPATH_SEARCH_PATHS = (
					"$(inherited)",
					"@executable_path/Frameworks",
				);
				MARKETING_VERSION = 1.0;
				PRODUCT_BUNDLE_IDENTIFIER = io.github.hoon94.DubDubGrub;
				PRODUCT_NAME = "$(TARGET_NAME)";
				SWIFT_EMIT_LOC_STRINGS = YES;
				SWIFT_VERSION = 5.0;
				TARGETED_DEVICE_FAMILY = "1,2";
			};
			name = Debug;
		};
		78681DC52D37E34C006ACC2E /* Release */ = {
			isa = XCBuildConfiguration;
			buildSettings = {
				ASSETCATALOG_COMPILER_APPICON_NAME = AppIcon;
				ASSETCATALOG_COMPILER_GLOBAL_ACCENT_COLOR_NAME = AccentColor;
				CODE_SIGN_ENTITLEMENTS = DubDubGrub/DubDubGrub.entitlements;
				CODE_SIGN_STYLE = Automatic;
				CURRENT_PROJECT_VERSION = 1;
				DEVELOPMENT_ASSET_PATHS = "\"DubDubGrub/Preview Content\"";
				DEVELOPMENT_TEAM = NY2YF9QVXX;
				ENABLE_PREVIEWS = YES;
				GENERATE_INFOPLIST_FILE = YES;
				INFOPLIST_KEY_UIApplicationSceneManifest_Generation = YES;
				INFOPLIST_KEY_UIApplicationSupportsIndirectInputEvents = YES;
				INFOPLIST_KEY_UILaunchScreen_Generation = YES;
				INFOPLIST_KEY_UISupportedInterfaceOrientations_iPad = "UIInterfaceOrientationPortrait UIInterfaceOrientationPortraitUpsideDown UIInterfaceOrientationLandscapeLeft UIInterfaceOrientationLandscapeRight";
				INFOPLIST_KEY_UISupportedInterfaceOrientations_iPhone = "UIInterfaceOrientationPortrait UIInterfaceOrientationLandscapeLeft UIInterfaceOrientationLandscapeRight";
				LD_RUNPATH_SEARCH_PATHS = (
					"$(inherited)",
					"@executable_path/Frameworks",
				);
				MARKETING_VERSION = 1.0;
				PRODUCT_BUNDLE_IDENTIFIER = io.github.hoon94.DubDubGrub;
				PRODUCT_NAME = "$(TARGET_NAME)";
				SWIFT_EMIT_LOC_STRINGS = YES;
				SWIFT_VERSION = 5.0;
				TARGETED_DEVICE_FAMILY = "1,2";
			};
			name = Release;
		};
/* End XCBuildConfiguration section */

/* Begin XCConfigurationList section */
		78681DB02D37E349006ACC2E /* Build configuration list for PBXProject "DubDubGrub" */ = {
			isa = XCConfigurationList;
			buildConfigurations = (
				78681DC12D37E34C006ACC2E /* Debug */,
				78681DC22D37E34C006ACC2E /* Release */,
			);
			defaultConfigurationIsVisible = 0;
			defaultConfigurationName = Release;
		};
		78681DC32D37E34C006ACC2E /* Build configuration list for PBXNativeTarget "DubDubGrub" */ = {
			isa = XCConfigurationList;
			buildConfigurations = (
				78681DC42D37E34C006ACC2E /* Debug */,
				78681DC52D37E34C006ACC2E /* Release */,
			);
			defaultConfigurationIsVisible = 0;
			defaultConfigurationName = Release;
		};
/* End XCConfigurationList section */
	};
	rootObject = 78681DAD2D37E349006ACC2E /* Project object */;
}
